// !$*UTF8*$!
{
	archiveVersion = 1;
	classes = {
	};
	objectVersion = 50;
	objects = {

/* Begin PBXBuildFile section */
		9A8C2DDA2694675C00CB7B66 /* EditImageViewController.swift in Sources */ = {isa = PBXBuildFile; fileRef = 9A8C2DD92694675C00CB7B66 /* EditImageViewController.swift */; };
		9A8C2DDE2694678300CB7B66 /* EditImageViewController.storyboard in Resources */ = {isa = PBXBuildFile; fileRef = 9A8C2DDD2694678300CB7B66 /* EditImageViewController.storyboard */; };
		EA067B1326943F9E00CD20AB /* AppDelegate.swift in Sources */ = {isa = PBXBuildFile; fileRef = EA067B1226943F9E00CD20AB /* AppDelegate.swift */; };
		EA067B1526943F9E00CD20AB /* SceneDelegate.swift in Sources */ = {isa = PBXBuildFile; fileRef = EA067B1426943F9E00CD20AB /* SceneDelegate.swift */; };
		EA067B1726943F9E00CD20AB /* GalleryViewController.swift in Sources */ = {isa = PBXBuildFile; fileRef = EA067B1626943F9E00CD20AB /* GalleryViewController.swift */; };
		EA067B1A26943F9E00CD20AB /* GalleryViewController.storyboard in Resources */ = {isa = PBXBuildFile; fileRef = EA067B1826943F9E00CD20AB /* GalleryViewController.storyboard */; };
		EA067B1C26943F9E00CD20AB /* Assets.xcassets in Resources */ = {isa = PBXBuildFile; fileRef = EA067B1B26943F9E00CD20AB /* Assets.xcassets */; };
		EA067B1F26943F9E00CD20AB /* LaunchScreen.storyboard in Resources */ = {isa = PBXBuildFile; fileRef = EA067B1D26943F9E00CD20AB /* LaunchScreen.storyboard */; };
		EAFC8C2B26944AB700B78899 /* ImagesFileManager.swift in Sources */ = {isa = PBXBuildFile; fileRef = EAFC8C2A26944AB700B78899 /* ImagesFileManager.swift */; };
		EAFC8C2D26944DDB00B78899 /* UIView+Extension.swift in Sources */ = {isa = PBXBuildFile; fileRef = EAFC8C2C26944DDB00B78899 /* UIView+Extension.swift */; };
		EAFC8C2F26944DF000B78899 /* UIImage+Extension.swift in Sources */ = {isa = PBXBuildFile; fileRef = EAFC8C2E26944DF000B78899 /* UIImage+Extension.swift */; };
		EAFC8C3126944E0200B78899 /* Data+Extension.swift in Sources */ = {isa = PBXBuildFile; fileRef = EAFC8C3026944E0200B78899 /* Data+Extension.swift */; };
		EAFC8C3326944E1400B78899 /* UICollectionView+Extension.swift in Sources */ = {isa = PBXBuildFile; fileRef = EAFC8C3226944E1400B78899 /* UICollectionView+Extension.swift */; };
		EAFC8C3526944E2900B78899 /* UICollectionViewCell+Extension.swift in Sources */ = {isa = PBXBuildFile; fileRef = EAFC8C3426944E2900B78899 /* UICollectionViewCell+Extension.swift */; };
		EAFC8C382694538700B78899 /* Storyboarded.swift in Sources */ = {isa = PBXBuildFile; fileRef = EAFC8C372694538700B78899 /* Storyboarded.swift */; };
		EAFC8C3A269453A100B78899 /* CoordinatorDelegate.swift in Sources */ = {isa = PBXBuildFile; fileRef = EAFC8C39269453A100B78899 /* CoordinatorDelegate.swift */; };
		EAFC8C3C269453B400B78899 /* CoordinatorProtocol.swift in Sources */ = {isa = PBXBuildFile; fileRef = EAFC8C3B269453B400B78899 /* CoordinatorProtocol.swift */; };
		EAFC8C3E269453BE00B78899 /* AppCoordinator.swift in Sources */ = {isa = PBXBuildFile; fileRef = EAFC8C3D269453BE00B78899 /* AppCoordinator.swift */; };
		EAFC8C412694546100B78899 /* BaseViewController.swift in Sources */ = {isa = PBXBuildFile; fileRef = EAFC8C402694546100B78899 /* BaseViewController.swift */; };
/* End PBXBuildFile section */

/* Begin PBXFileReference section */
		9A8C2DD92694675C00CB7B66 /* EditImageViewController.swift */ = {isa = PBXFileReference; lastKnownFileType = sourcecode.swift; path = EditImageViewController.swift; sourceTree = "<group>"; };
		9A8C2DDD2694678300CB7B66 /* EditImageViewController.storyboard */ = {isa = PBXFileReference; lastKnownFileType = file.storyboard; path = EditImageViewController.storyboard; sourceTree = "<group>"; };
		EA067B0F26943F9E00CD20AB /* SecondTeamWork.app */ = {isa = PBXFileReference; explicitFileType = wrapper.application; includeInIndex = 0; path = SecondTeamWork.app; sourceTree = BUILT_PRODUCTS_DIR; };
		EA067B1226943F9E00CD20AB /* AppDelegate.swift */ = {isa = PBXFileReference; lastKnownFileType = sourcecode.swift; path = AppDelegate.swift; sourceTree = "<group>"; };
		EA067B1426943F9E00CD20AB /* SceneDelegate.swift */ = {isa = PBXFileReference; lastKnownFileType = sourcecode.swift; path = SceneDelegate.swift; sourceTree = "<group>"; };
		EA067B1626943F9E00CD20AB /* GalleryViewController.swift */ = {isa = PBXFileReference; lastKnownFileType = sourcecode.swift; path = GalleryViewController.swift; sourceTree = "<group>"; };
		EA067B1926943F9E00CD20AB /* Base */ = {isa = PBXFileReference; lastKnownFileType = file.storyboard; name = Base; path = Base.lproj/GalleryViewController.storyboard; sourceTree = "<group>"; };
		EA067B1B26943F9E00CD20AB /* Assets.xcassets */ = {isa = PBXFileReference; lastKnownFileType = folder.assetcatalog; path = Assets.xcassets; sourceTree = "<group>"; };
		EA067B1E26943F9E00CD20AB /* Base */ = {isa = PBXFileReference; lastKnownFileType = file.storyboard; name = Base; path = Base.lproj/LaunchScreen.storyboard; sourceTree = "<group>"; };
		EA067B2026943F9E00CD20AB /* Info.plist */ = {isa = PBXFileReference; lastKnownFileType = text.plist.xml; path = Info.plist; sourceTree = "<group>"; };
		EAFC8C2A26944AB700B78899 /* ImagesFileManager.swift */ = {isa = PBXFileReference; lastKnownFileType = sourcecode.swift; path = ImagesFileManager.swift; sourceTree = "<group>"; };
		EAFC8C2C26944DDB00B78899 /* UIView+Extension.swift */ = {isa = PBXFileReference; lastKnownFileType = sourcecode.swift; path = "UIView+Extension.swift"; sourceTree = "<group>"; };
		EAFC8C2E26944DF000B78899 /* UIImage+Extension.swift */ = {isa = PBXFileReference; lastKnownFileType = sourcecode.swift; path = "UIImage+Extension.swift"; sourceTree = "<group>"; };
		EAFC8C3026944E0200B78899 /* Data+Extension.swift */ = {isa = PBXFileReference; lastKnownFileType = sourcecode.swift; path = "Data+Extension.swift"; sourceTree = "<group>"; };
		EAFC8C3226944E1400B78899 /* UICollectionView+Extension.swift */ = {isa = PBXFileReference; lastKnownFileType = sourcecode.swift; path = "UICollectionView+Extension.swift"; sourceTree = "<group>"; };
		EAFC8C3426944E2900B78899 /* UICollectionViewCell+Extension.swift */ = {isa = PBXFileReference; lastKnownFileType = sourcecode.swift; path = "UICollectionViewCell+Extension.swift"; sourceTree = "<group>"; };
		EAFC8C372694538700B78899 /* Storyboarded.swift */ = {isa = PBXFileReference; lastKnownFileType = sourcecode.swift; path = Storyboarded.swift; sourceTree = "<group>"; };
		EAFC8C39269453A100B78899 /* CoordinatorDelegate.swift */ = {isa = PBXFileReference; lastKnownFileType = sourcecode.swift; path = CoordinatorDelegate.swift; sourceTree = "<group>"; };
		EAFC8C3B269453B400B78899 /* CoordinatorProtocol.swift */ = {isa = PBXFileReference; lastKnownFileType = sourcecode.swift; path = CoordinatorProtocol.swift; sourceTree = "<group>"; };
		EAFC8C3D269453BE00B78899 /* AppCoordinator.swift */ = {isa = PBXFileReference; lastKnownFileType = sourcecode.swift; path = AppCoordinator.swift; sourceTree = "<group>"; };
		EAFC8C402694546100B78899 /* BaseViewController.swift */ = {isa = PBXFileReference; lastKnownFileType = sourcecode.swift; path = BaseViewController.swift; sourceTree = "<group>"; };
/* End PBXFileReference section */

/* Begin PBXFrameworksBuildPhase section */
		EA067B0C26943F9E00CD20AB /* Frameworks */ = {
			isa = PBXFrameworksBuildPhase;
			buildActionMask = 2147483647;
			files = (
			);
			runOnlyForDeploymentPostprocessing = 0;
		};
/* End PBXFrameworksBuildPhase section */

/* Begin PBXGroup section */
		9A8C2DD8269466B300CB7B66 /* EditImage */ = {
			isa = PBXGroup;
			children = (
				9A8C2DD92694675C00CB7B66 /* EditImageViewController.swift */,
				9A8C2DDD2694678300CB7B66 /* EditImageViewController.storyboard */,
			);
			path = EditImage;
			sourceTree = "<group>";
		};
		EA067B0626943F9E00CD20AB = {
			isa = PBXGroup;
			children = (
				EA067B1126943F9E00CD20AB /* SecondTeamWork */,
				EA067B1026943F9E00CD20AB /* Products */,
			);
			sourceTree = "<group>";
		};
		EA067B1026943F9E00CD20AB /* Products */ = {
			isa = PBXGroup;
			children = (
				EA067B0F26943F9E00CD20AB /* SecondTeamWork.app */,
			);
			name = Products;
			sourceTree = "<group>";
		};
		EA067B1126943F9E00CD20AB /* SecondTeamWork */ = {
			isa = PBXGroup;
			children = (
				EAFC8C292694423B00B78899 /* Domains */,
				EA067B2C26943FF500CD20AB /* App */,
				EA067B2D26943FFB00CD20AB /* Resources */,
				EA067B2626943FA500CD20AB /* Presentation */,
				EA067B2726943FAB00CD20AB /* Infrastructure */,
				EA067B2E2694400800CD20AB /* Supporting Files */,
			);
			path = SecondTeamWork;
			sourceTree = "<group>";
		};
		EA067B2626943FA500CD20AB /* Presentation */ = {
			isa = PBXGroup;
			children = (
				EA067B2826943FB000CD20AB /* Scenes */,
			);
			path = Presentation;
			sourceTree = "<group>";
		};
		EA067B2726943FAB00CD20AB /* Infrastructure */ = {
			isa = PBXGroup;
			children = (
				EAFC8C362694537500B78899 /* Coordinator */,
				EA067B2B26943FC500CD20AB /* Managers */,
				EA067B2A26943FBE00CD20AB /* Extensions */,
			);
			path = Infrastructure;
			sourceTree = "<group>";
		};
		EA067B2826943FB000CD20AB /* Scenes */ = {
			isa = PBXGroup;
			children = (
				EAFC8C3F2694545200B78899 /* Base */,
				EA067B2926943FB500CD20AB /* Gallery */,
				9A8C2DD8269466B300CB7B66 /* EditImage */,
			);
			path = Scenes;
			sourceTree = "<group>";
		};
		EA067B2926943FB500CD20AB /* Gallery */ = {
			isa = PBXGroup;
			children = (
				EA067B1626943F9E00CD20AB /* GalleryViewController.swift */,
				EA067B1826943F9E00CD20AB /* GalleryViewController.storyboard */,
			);
			path = Gallery;
			sourceTree = "<group>";
		};
		EA067B2A26943FBE00CD20AB /* Extensions */ = {
			isa = PBXGroup;
			children = (
				EAFC8C2C26944DDB00B78899 /* UIView+Extension.swift */,
				EAFC8C2E26944DF000B78899 /* UIImage+Extension.swift */,
				EAFC8C3026944E0200B78899 /* Data+Extension.swift */,
				EAFC8C3226944E1400B78899 /* UICollectionView+Extension.swift */,
				EAFC8C3426944E2900B78899 /* UICollectionViewCell+Extension.swift */,
			);
			path = Extensions;
			sourceTree = "<group>";
		};
		EA067B2B26943FC500CD20AB /* Managers */ = {
			isa = PBXGroup;
			children = (
				EAFC8C2A26944AB700B78899 /* ImagesFileManager.swift */,
			);
			path = Managers;
			sourceTree = "<group>";
		};
		EA067B2C26943FF500CD20AB /* App */ = {
			isa = PBXGroup;
			children = (
				EA067B1226943F9E00CD20AB /* AppDelegate.swift */,
				EA067B1426943F9E00CD20AB /* SceneDelegate.swift */,
			);
			path = App;
			sourceTree = "<group>";
		};
		EA067B2D26943FFB00CD20AB /* Resources */ = {
			isa = PBXGroup;
			children = (
				EA067B1B26943F9E00CD20AB /* Assets.xcassets */,
			);
			path = Resources;
			sourceTree = "<group>";
		};
		EA067B2E2694400800CD20AB /* Supporting Files */ = {
			isa = PBXGroup;
			children = (
				EA067B1D26943F9E00CD20AB /* LaunchScreen.storyboard */,
				EA067B2026943F9E00CD20AB /* Info.plist */,
			);
			path = "Supporting Files";
			sourceTree = "<group>";
		};
		EAFC8C292694423B00B78899 /* Domains */ = {
			isa = PBXGroup;
			children = (
			);
			path = Domains;
			sourceTree = "<group>";
		};
		EAFC8C362694537500B78899 /* Coordinator */ = {
			isa = PBXGroup;
			children = (
				EAFC8C372694538700B78899 /* Storyboarded.swift */,
				EAFC8C39269453A100B78899 /* CoordinatorDelegate.swift */,
				EAFC8C3B269453B400B78899 /* CoordinatorProtocol.swift */,
				EAFC8C3D269453BE00B78899 /* AppCoordinator.swift */,
			);
			path = Coordinator;
			sourceTree = "<group>";
		};
		EAFC8C3F2694545200B78899 /* Base */ = {
			isa = PBXGroup;
			children = (
				EAFC8C402694546100B78899 /* BaseViewController.swift */,
			);
			path = Base;
			sourceTree = "<group>";
		};
/* End PBXGroup section */

/* Begin PBXNativeTarget section */
		EA067B0E26943F9E00CD20AB /* SecondTeamWork */ = {
			isa = PBXNativeTarget;
			buildConfigurationList = EA067B2326943F9E00CD20AB /* Build configuration list for PBXNativeTarget "SecondTeamWork" */;
			buildPhases = (
				EA067B0B26943F9E00CD20AB /* Sources */,
				EA067B0C26943F9E00CD20AB /* Frameworks */,
				EA067B0D26943F9E00CD20AB /* Resources */,
			);
			buildRules = (
			);
			dependencies = (
			);
			name = SecondTeamWork;
			productName = SecondTeamWork;
			productReference = EA067B0F26943F9E00CD20AB /* SecondTeamWork.app */;
			productType = "com.apple.product-type.application";
		};
/* End PBXNativeTarget section */

/* Begin PBXProject section */
		EA067B0726943F9E00CD20AB /* Project object */ = {
			isa = PBXProject;
			attributes = {
				LastSwiftUpdateCheck = 1250;
				LastUpgradeCheck = 1250;
				TargetAttributes = {
					EA067B0E26943F9E00CD20AB = {
						CreatedOnToolsVersion = 12.5;
					};
				};
			};
			buildConfigurationList = EA067B0A26943F9E00CD20AB /* Build configuration list for PBXProject "SecondTeamWork" */;
			compatibilityVersion = "Xcode 9.3";
			developmentRegion = en;
			hasScannedForEncodings = 0;
			knownRegions = (
				en,
				Base,
			);
			mainGroup = EA067B0626943F9E00CD20AB;
			productRefGroup = EA067B1026943F9E00CD20AB /* Products */;
			projectDirPath = "";
			projectRoot = "";
			targets = (
				EA067B0E26943F9E00CD20AB /* SecondTeamWork */,
			);
		};
/* End PBXProject section */

/* Begin PBXResourcesBuildPhase section */
		EA067B0D26943F9E00CD20AB /* Resources */ = {
			isa = PBXResourcesBuildPhase;
			buildActionMask = 2147483647;
			files = (
				9A8C2DDE2694678300CB7B66 /* EditImageViewController.storyboard in Resources */,
				EA067B1F26943F9E00CD20AB /* LaunchScreen.storyboard in Resources */,
				EA067B1C26943F9E00CD20AB /* Assets.xcassets in Resources */,
				EA067B1A26943F9E00CD20AB /* GalleryViewController.storyboard in Resources */,
			);
			runOnlyForDeploymentPostprocessing = 0;
		};
/* End PBXResourcesBuildPhase section */

/* Begin PBXSourcesBuildPhase section */
		EA067B0B26943F9E00CD20AB /* Sources */ = {
			isa = PBXSourcesBuildPhase;
			buildActionMask = 2147483647;
			files = (
				EAFC8C3A269453A100B78899 /* CoordinatorDelegate.swift in Sources */,
				EAFC8C3326944E1400B78899 /* UICollectionView+Extension.swift in Sources */,
				EAFC8C3C269453B400B78899 /* CoordinatorProtocol.swift in Sources */,
				EA067B1726943F9E00CD20AB /* GalleryViewController.swift in Sources */,
				EAFC8C3126944E0200B78899 /* Data+Extension.swift in Sources */,
				EAFC8C412694546100B78899 /* BaseViewController.swift in Sources */,
				EA067B1326943F9E00CD20AB /* AppDelegate.swift in Sources */,
				EA067B1526943F9E00CD20AB /* SceneDelegate.swift in Sources */,
				9A8C2DDA2694675C00CB7B66 /* EditImageViewController.swift in Sources */,
				EAFC8C2F26944DF000B78899 /* UIImage+Extension.swift in Sources */,
				EAFC8C2D26944DDB00B78899 /* UIView+Extension.swift in Sources */,
				EAFC8C382694538700B78899 /* Storyboarded.swift in Sources */,
				EAFC8C3E269453BE00B78899 /* AppCoordinator.swift in Sources */,
				EAFC8C2B26944AB700B78899 /* ImagesFileManager.swift in Sources */,
				EAFC8C3526944E2900B78899 /* UICollectionViewCell+Extension.swift in Sources */,
			);
			runOnlyForDeploymentPostprocessing = 0;
		};
/* End PBXSourcesBuildPhase section */

/* Begin PBXVariantGroup section */
		EA067B1826943F9E00CD20AB /* GalleryViewController.storyboard */ = {
			isa = PBXVariantGroup;
			children = (
				EA067B1926943F9E00CD20AB /* Base */,
			);
			name = GalleryViewController.storyboard;
			sourceTree = "<group>";
		};
		EA067B1D26943F9E00CD20AB /* LaunchScreen.storyboard */ = {
			isa = PBXVariantGroup;
			children = (
				EA067B1E26943F9E00CD20AB /* Base */,
			);
			name = LaunchScreen.storyboard;
			sourceTree = "<group>";
		};
/* End PBXVariantGroup section */

/* Begin XCBuildConfiguration section */
		EA067B2126943F9E00CD20AB /* Debug */ = {
			isa = XCBuildConfiguration;
			buildSettings = {
				ALWAYS_SEARCH_USER_PATHS = NO;
				CLANG_ANALYZER_NONNULL = YES;
				CLANG_ANALYZER_NUMBER_OBJECT_CONVERSION = YES_AGGRESSIVE;
				CLANG_CXX_LANGUAGE_STANDARD = "gnu++14";
				CLANG_CXX_LIBRARY = "libc++";
				CLANG_ENABLE_MODULES = YES;
				CLANG_ENABLE_OBJC_ARC = YES;
				CLANG_ENABLE_OBJC_WEAK = YES;
				CLANG_WARN_BLOCK_CAPTURE_AUTORELEASING = YES;
				CLANG_WARN_BOOL_CONVERSION = YES;
				CLANG_WARN_COMMA = YES;
				CLANG_WARN_CONSTANT_CONVERSION = YES;
				CLANG_WARN_DEPRECATED_OBJC_IMPLEMENTATIONS = YES;
				CLANG_WARN_DIRECT_OBJC_ISA_USAGE = YES_ERROR;
				CLANG_WARN_DOCUMENTATION_COMMENTS = YES;
				CLANG_WARN_EMPTY_BODY = YES;
				CLANG_WARN_ENUM_CONVERSION = YES;
				CLANG_WARN_INFINITE_RECURSION = YES;
				CLANG_WARN_INT_CONVERSION = YES;
				CLANG_WARN_NON_LITERAL_NULL_CONVERSION = YES;
				CLANG_WARN_OBJC_IMPLICIT_RETAIN_SELF = YES;
				CLANG_WARN_OBJC_LITERAL_CONVERSION = YES;
				CLANG_WARN_OBJC_ROOT_CLASS = YES_ERROR;
				CLANG_WARN_QUOTED_INCLUDE_IN_FRAMEWORK_HEADER = YES;
				CLANG_WARN_RANGE_LOOP_ANALYSIS = YES;
				CLANG_WARN_STRICT_PROTOTYPES = YES;
				CLANG_WARN_SUSPICIOUS_MOVE = YES;
				CLANG_WARN_UNGUARDED_AVAILABILITY = YES_AGGRESSIVE;
				CLANG_WARN_UNREACHABLE_CODE = YES;
				CLANG_WARN__DUPLICATE_METHOD_MATCH = YES;
				COPY_PHASE_STRIP = NO;
				DEBUG_INFORMATION_FORMAT = dwarf;
				ENABLE_STRICT_OBJC_MSGSEND = YES;
				ENABLE_TESTABILITY = YES;
				GCC_C_LANGUAGE_STANDARD = gnu11;
				GCC_DYNAMIC_NO_PIC = NO;
				GCC_NO_COMMON_BLOCKS = YES;
				GCC_OPTIMIZATION_LEVEL = 0;
				GCC_PREPROCESSOR_DEFINITIONS = (
					"DEBUG=1",
					"$(inherited)",
				);
				GCC_WARN_64_TO_32_BIT_CONVERSION = YES;
				GCC_WARN_ABOUT_RETURN_TYPE = YES_ERROR;
				GCC_WARN_UNDECLARED_SELECTOR = YES;
				GCC_WARN_UNINITIALIZED_AUTOS = YES_AGGRESSIVE;
				GCC_WARN_UNUSED_FUNCTION = YES;
				GCC_WARN_UNUSED_VARIABLE = YES;
				IPHONEOS_DEPLOYMENT_TARGET = 14.5;
				MTL_ENABLE_DEBUG_INFO = INCLUDE_SOURCE;
				MTL_FAST_MATH = YES;
				ONLY_ACTIVE_ARCH = YES;
				SDKROOT = iphoneos;
				SWIFT_ACTIVE_COMPILATION_CONDITIONS = DEBUG;
				SWIFT_OPTIMIZATION_LEVEL = "-Onone";
			};
			name = Debug;
		};
		EA067B2226943F9E00CD20AB /* Release */ = {
			isa = XCBuildConfiguration;
			buildSettings = {
				ALWAYS_SEARCH_USER_PATHS = NO;
				CLANG_ANALYZER_NONNULL = YES;
				CLANG_ANALYZER_NUMBER_OBJECT_CONVERSION = YES_AGGRESSIVE;
				CLANG_CXX_LANGUAGE_STANDARD = "gnu++14";
				CLANG_CXX_LIBRARY = "libc++";
				CLANG_ENABLE_MODULES = YES;
				CLANG_ENABLE_OBJC_ARC = YES;
				CLANG_ENABLE_OBJC_WEAK = YES;
				CLANG_WARN_BLOCK_CAPTURE_AUTORELEASING = YES;
				CLANG_WARN_BOOL_CONVERSION = YES;
				CLANG_WARN_COMMA = YES;
				CLANG_WARN_CONSTANT_CONVERSION = YES;
				CLANG_WARN_DEPRECATED_OBJC_IMPLEMENTATIONS = YES;
				CLANG_WARN_DIRECT_OBJC_ISA_USAGE = YES_ERROR;
				CLANG_WARN_DOCUMENTATION_COMMENTS = YES;
				CLANG_WARN_EMPTY_BODY = YES;
				CLANG_WARN_ENUM_CONVERSION = YES;
				CLANG_WARN_INFINITE_RECURSION = YES;
				CLANG_WARN_INT_CONVERSION = YES;
				CLANG_WARN_NON_LITERAL_NULL_CONVERSION = YES;
				CLANG_WARN_OBJC_IMPLICIT_RETAIN_SELF = YES;
				CLANG_WARN_OBJC_LITERAL_CONVERSION = YES;
				CLANG_WARN_OBJC_ROOT_CLASS = YES_ERROR;
				CLANG_WARN_QUOTED_INCLUDE_IN_FRAMEWORK_HEADER = YES;
				CLANG_WARN_RANGE_LOOP_ANALYSIS = YES;
				CLANG_WARN_STRICT_PROTOTYPES = YES;
				CLANG_WARN_SUSPICIOUS_MOVE = YES;
				CLANG_WARN_UNGUARDED_AVAILABILITY = YES_AGGRESSIVE;
				CLANG_WARN_UNREACHABLE_CODE = YES;
				CLANG_WARN__DUPLICATE_METHOD_MATCH = YES;
				COPY_PHASE_STRIP = NO;
				DEBUG_INFORMATION_FORMAT = "dwarf-with-dsym";
				ENABLE_NS_ASSERTIONS = NO;
				ENABLE_STRICT_OBJC_MSGSEND = YES;
				GCC_C_LANGUAGE_STANDARD = gnu11;
				GCC_NO_COMMON_BLOCKS = YES;
				GCC_WARN_64_TO_32_BIT_CONVERSION = YES;
				GCC_WARN_ABOUT_RETURN_TYPE = YES_ERROR;
				GCC_WARN_UNDECLARED_SELECTOR = YES;
				GCC_WARN_UNINITIALIZED_AUTOS = YES_AGGRESSIVE;
				GCC_WARN_UNUSED_FUNCTION = YES;
				GCC_WARN_UNUSED_VARIABLE = YES;
				IPHONEOS_DEPLOYMENT_TARGET = 14.5;
				MTL_ENABLE_DEBUG_INFO = NO;
				MTL_FAST_MATH = YES;
				SDKROOT = iphoneos;
				SWIFT_COMPILATION_MODE = wholemodule;
				SWIFT_OPTIMIZATION_LEVEL = "-O";
				VALIDATE_PRODUCT = YES;
			};
			name = Release;
		};
		EA067B2426943F9E00CD20AB /* Debug */ = {
			isa = XCBuildConfiguration;
			buildSettings = {
				ASSETCATALOG_COMPILER_APPICON_NAME = AppIcon;
				ASSETCATALOG_COMPILER_GLOBAL_ACCENT_COLOR_NAME = AccentColor;
				CODE_SIGN_STYLE = Automatic;
				INFOPLIST_FILE = "SecondTeamWork/Supporting Files/Info.plist";
				IPHONEOS_DEPLOYMENT_TARGET = 13.2;
				LD_RUNPATH_SEARCH_PATHS = (
					"$(inherited)",
					"@executable_path/Frameworks",
				);
				PRODUCT_BUNDLE_IDENTIFIER = com.GiorgiMeskhi.SecondTeamWork;
				PRODUCT_NAME = "$(TARGET_NAME)";
				SWIFT_VERSION = 5.0;
				TARGETED_DEVICE_FAMILY = "1,2";
			};
			name = Debug;
		};
		EA067B2526943F9E00CD20AB /* Release */ = {
			isa = XCBuildConfiguration;
			buildSettings = {
				ASSETCATALOG_COMPILER_APPICON_NAME = AppIcon;
				ASSETCATALOG_COMPILER_GLOBAL_ACCENT_COLOR_NAME = AccentColor;
				CODE_SIGN_STYLE = Automatic;
				INFOPLIST_FILE = "SecondTeamWork/Supporting Files/Info.plist";
				IPHONEOS_DEPLOYMENT_TARGET = 13.2;
				LD_RUNPATH_SEARCH_PATHS = (
					"$(inherited)",
					"@executable_path/Frameworks",
				);
				PRODUCT_BUNDLE_IDENTIFIER = com.GiorgiMeskhi.SecondTeamWork;
				PRODUCT_NAME = "$(TARGET_NAME)";
				SWIFT_VERSION = 5.0;
				TARGETED_DEVICE_FAMILY = "1,2";
			};
			name = Release;
		};
/* End XCBuildConfiguration section */

/* Begin XCConfigurationList section */
		EA067B0A26943F9E00CD20AB /* Build configuration list for PBXProject "SecondTeamWork" */ = {
			isa = XCConfigurationList;
			buildConfigurations = (
				EA067B2126943F9E00CD20AB /* Debug */,
				EA067B2226943F9E00CD20AB /* Release */,
			);
			defaultConfigurationIsVisible = 0;
			defaultConfigurationName = Release;
		};
		EA067B2326943F9E00CD20AB /* Build configuration list for PBXNativeTarget "SecondTeamWork" */ = {
			isa = XCConfigurationList;
			buildConfigurations = (
				EA067B2426943F9E00CD20AB /* Debug */,
				EA067B2526943F9E00CD20AB /* Release */,
			);
			defaultConfigurationIsVisible = 0;
			defaultConfigurationName = Release;
		};
/* End XCConfigurationList section */
	};
	rootObject = EA067B0726943F9E00CD20AB /* Project object */;
}
